
Microsoft Visual Studio Solution File, Format Version 12.00
# Visual Studio Version 17
VisualStudioVersion = 17.2.32526.322
MinimumVisualStudioVersion = 10.0.40219.1
Project("{FAE04EC0-301F-11D3-BF4B-00C04F79EFBC}") = "AP204_FirstAPI", "AP204_FirstAPI\AP204_FirstAPI.csproj", "{8690BA83-09D6-4E6D-A234-2555C1C5B7A0}"
EndProject
Global
	GlobalSection(SolutionConfigurationPlatforms) = preSolution
		Debug|Any CPU = Debug|Any CPU
		Release|Any CPU = Release|Any CPU
	EndGlobalSection
	GlobalSection(ProjectConfigurationPlatforms) = postSolution
		{8690BA83-09D6-4E6D-A234-2555C1C5B7A0}.Debug|Any CPU.ActiveCfg = Debug|Any CPU
		{8690BA83-09D6-4E6D-A234-2555C1C5B7A0}.Debug|Any CPU.Build.0 = Debug|Any CPU
		{8690BA83-09D6-4E6D-A234-2555C1C5B7A0}.Release|Any CPU.ActiveCfg = Release|Any CPU
		{8690BA83-09D6-4E6D-A234-2555C1C5B7A0}.Release|Any CPU.Build.0 = Release|Any CPU
	EndGlobalSection
	GlobalSection(SolutionProperties) = preSolution
		HideSolutionNode = FALSE
	EndGlobalSection
	GlobalSection(ExtensibilityGlobals) = postSolution
		SolutionGuid = {636F4CFF-5DFB-4D51-BDF7-A01F567CF360}
	EndGlobalSection
EndGlobal
